{
  "name": "prepros-project",
  "version": "1.0.0",
  "lockfileVersion": 1,
  "requires": true,
  "dependencies": {
    "accordionjs": {
      "version": "2.1.1",
      "resolved": "https://registry.npmjs.org/accordionjs/-/accordionjs-2.1.1.tgz",
      "integrity": "sha512-1oGPdJvYZDMZZZWeetB7Mo17vvlEcEgwL5med3FSD6dqDv3+OwtXBL8LsZVOUk0zXSQo5dua0Hx4lfZDFKrzfw==",
      "dev": true
    },
    "aos": {
      "version": "2.3.4",
      "resolved": "https://registry.npmjs.org/aos/-/aos-2.3.4.tgz",
      "integrity": "sha512-zh/ahtR2yME4I51z8IttIt4lC1Nw0ktsFtmeDzID1m9naJnWXhCoARaCgNOGXb5CLy3zm+wqmRAEgMYB5E2HUw==",
      "dev": true,
      "requires": {
        "classlist-polyfill": "^1.0.3",
        "lodash.debounce": "^4.0.6",
        "lodash.throttle": "^4.0.1"
      }
    },
    "atob": {
      "version": "2.1.2",
      "resolved": "https://registry.npmjs.org/atob/-/atob-2.1.2.tgz",
      "integrity": "sha512-Wm6ukoaOGJi/73p/cl2GvLjTI5JM1k/O14isD73YML8StrH/7/lRFgmg8nICZgD3bZZvjwCGxtMOD3wWNAu8cg==",
      "dev": true
    },
    "classlist-polyfill": {
      "version": "1.2.0",
      "resolved": "https://registry.npmjs.org/classlist-polyfill/-/classlist-polyfill-1.2.0.tgz",
      "integrity": "sha1-k1vC39lFiodrJ5YXUUY4vKqWSi4=",
      "dev": true
    },
    "core-js": {
      "version": "3.8.0",
      "resolved": "https://registry.npmjs.org/core-js/-/core-js-3.8.0.tgz",
      "integrity": "sha512-W2VYNB0nwQQE7tKS7HzXd7r2y/y2SVJl4ga6oH/dnaLFzM0o2lB2P3zCkWj5Wc/zyMYjtgd5Hmhk0ObkQFZOIA==",
      "dev": true
    },
    "css": {
      "version": "3.0.0",
      "resolved": "https://registry.npmjs.org/css/-/css-3.0.0.tgz",
      "integrity": "sha512-DG9pFfwOrzc+hawpmqX/dHYHJG+Bsdb0klhyi1sDneOgGOXy9wQIC8hzyVp1e4NRYDBdxcylvywPkkXCHAzTyQ==",
      "dev": true,
      "requires": {
        "inherits": "^2.0.4",
        "source-map": "^0.6.1",
        "source-map-resolve": "^0.6.0"
      }
    },
    "custom-event-polyfill": {
      "version": "1.0.7",
      "resolved": "https://registry.npmjs.org/custom-event-polyfill/-/custom-event-polyfill-1.0.7.tgz",
      "integrity": "sha512-TDDkd5DkaZxZFM8p+1I3yAlvM3rSr1wbrOliG4yJiwinMZN8z/iGL7BTlDkrJcYTmgUSb4ywVCc3ZaUtOtC76w==",
      "dev": true
    },
    "decode-uri-component": {
      "version": "0.2.0",
      "resolved": "https://registry.npmjs.org/decode-uri-component/-/decode-uri-component-0.2.0.tgz",
      "integrity": "sha1-6zkTMzRYd1y4TNGh+uBiEGu4dUU=",
      "dev": true
    },
    "desandro-matches-selector": {
      "version": "2.0.2",
      "resolved": "https://registry.npmjs.org/desandro-matches-selector/-/desandro-matches-selector-2.0.2.tgz",
      "integrity": "sha1-cXvu1NwT59jzdi9wem1YpndCGOE=",
      "dev": true
    },
    "ev-emitter": {
      "version": "1.1.1",
      "resolved": "https://registry.npmjs.org/ev-emitter/-/ev-emitter-1.1.1.tgz",
      "integrity": "sha512-ipiDYhdQSCZ4hSbX4rMW+XzNKMD1prg/sTvoVmSLkuQ1MVlwjJQQA+sW8tMYR3BLUr9KjodFV4pvzunvRhd33Q==",
      "dev": true
    },
    "fizzy-ui-utils": {
      "version": "2.0.7",
      "resolved": "https://registry.npmjs.org/fizzy-ui-utils/-/fizzy-ui-utils-2.0.7.tgz",
      "integrity": "sha512-CZXDVXQ1If3/r8s0T+v+qVeMshhfcuq0rqIFgJnrtd+Bu8GmDmqMjntjUePypVtjHXKJ6V4sw9zeyox34n9aCg==",
      "dev": true,
      "requires": {
        "desandro-matches-selector": "^2.0.0"
      }
    },
    "flickity": {
      "version": "2.2.1",
      "resolved": "https://registry.npmjs.org/flickity/-/flickity-2.2.1.tgz",
      "integrity": "sha512-fCZJGNqabgDrIhaUBqt2ydE8c5V6iiB3KQAf6dH3Z45MoDUm7g6+uZmteN0aLV9pzVItNqCbfOJQjsJM/rHuSA==",
      "dev": true,
      "requires": {
        "desandro-matches-selector": "^2.0.0",
        "ev-emitter": "^1.1.1",
        "fizzy-ui-utils": "^2.0.7",
        "get-size": "^2.0.3",
        "unidragger": "^2.3.0",
        "unipointer": "^2.3.0"
      }
    },
    "get-size": {
      "version": "2.0.3",
      "resolved": "https://registry.npmjs.org/get-size/-/get-size-2.0.3.tgz",
      "integrity": "sha512-lXNzT/h/dTjTxRbm9BXb+SGxxzkm97h/PCIKtlN/CBCxxmkkIVV21udumMS93MuVTDX583gqc94v3RjuHmI+2Q==",
      "dev": true
    },
    "headroom.js": {
      "version": "0.12.0",
      "resolved": "https://registry.npmjs.org/headroom.js/-/headroom.js-0.12.0.tgz",
      "integrity": "sha512-iXnAafUm3FdzfJ91uixLws2hkKI1jC8bAKK/pt7XYr8Ie1jO7xbK48Ycpl9tUPyBgkzuj1p/PhJS0fy4E/5anA==",
      "dev": true
    },
    "inherits": {
      "version": "2.0.4",
      "resolved": "https://registry.npmjs.org/inherits/-/inherits-2.0.4.tgz",
      "integrity": "sha512-k/vGaX4/Yla3WzyMCvTQOXYeIHvqOKtnqBduzTHpzpQZzAskKMhZ2K+EnBiSM9zGSoIFeMpXKxa4dYeZIQqewQ==",
      "dev": true
    },
    "jquery": {
      "version": "3.5.1",
      "resolved": "https://registry.npmjs.org/jquery/-/jquery-3.5.1.tgz",
      "integrity": "sha512-XwIBPqcMn57FxfT+Go5pzySnm4KWkT1Tv7gjrpT1srtf8Weynl6R273VJ5GjkRb51IzMp5nbaPjJXMWeju2MKg==",
      "dev": true
    },
    "jquery-custom-select": {
      "version": "1.6.4",
      "resolved": "https://registry.npmjs.org/jquery-custom-select/-/jquery-custom-select-1.6.4.tgz",
      "integrity": "sha512-1oBPrzxOcMLedxo5XWa3zgX69nYms7YGSP2UVoeZNwzWE5TOe+kS98pz9Bk3pgYykow718g/+Azsn7bu6JjTUA==",
      "dev": true
    },
    "jquery-smarttab": {
      "version": "3.1.1",
      "resolved": "https://registry.npmjs.org/jquery-smarttab/-/jquery-smarttab-3.1.1.tgz",
      "integrity": "sha512-MOARJ4L5E5QCxtlM+QyiFqHJMzNyn3txPudsnkMxN8hVQ9zsXn4+y3IQUl5t9c+0iQE6Ms2uTWF62FTizqXBhA==",
      "dev": true
    },
    "jquery-visible": {
      "version": "1.2.0",
      "resolved": "https://registry.npmjs.org/jquery-visible/-/jquery-visible-1.2.0.tgz",
      "integrity": "sha1-SDnKxJLy5/cF/QaxzeICtdqXwek=",
      "dev": true
    },
    "lightgallery": {
      "version": "1.10.0",
      "resolved": "https://registry.npmjs.org/lightgallery/-/lightgallery-1.10.0.tgz",
      "integrity": "sha512-3yjU2JATPFQxbcA0GglkWrdwC3Fjy9jjlvDymCrH4JizU2hN60z3r1Q4almFGcV/YFKIDWnD5k8o7zvFcTdaMg==",
      "dev": true,
      "requires": {
        "jquery": ">=1.7.0"
      }
    },
    "lightslider": {
      "version": "1.1.6",
      "resolved": "https://registry.npmjs.org/lightslider/-/lightslider-1.1.6.tgz",
      "integrity": "sha1-QpzbpOj0lt+kR10wBYG6EMGy5sk=",
      "dev": true,
      "requires": {
        "jquery": ">= 1.7.0"
      }
    },
    "loadjs": {
      "version": "4.2.0",
      "resolved": "https://registry.npmjs.org/loadjs/-/loadjs-4.2.0.tgz",
      "integrity": "sha512-AgQGZisAlTPbTEzrHPb6q+NYBMD+DP9uvGSIjSUM5uG+0jG15cb8axWpxuOIqrmQjn6scaaH8JwloiP27b2KXA==",
      "dev": true
    },
    "lodash.debounce": {
      "version": "4.0.8",
      "resolved": "https://registry.npmjs.org/lodash.debounce/-/lodash.debounce-4.0.8.tgz",
      "integrity": "sha1-gteb/zCmfEAF/9XiUVMArZyk168=",
      "dev": true
    },
    "lodash.throttle": {
      "version": "4.1.1",
      "resolved": "https://registry.npmjs.org/lodash.throttle/-/lodash.throttle-4.1.1.tgz",
      "integrity": "sha1-wj6RtxAkKscMN/HhzaknTMOb8vQ=",
      "dev": true
    },
    "macy": {
      "version": "2.5.1",
      "resolved": "https://registry.npmjs.org/macy/-/macy-2.5.1.tgz",
      "integrity": "sha512-+y4WYyh3rl4G8UczZP30pXxhLQRZ941QcaDmWoGefzUBXdwNW8TOhjjN1g5i/VG3SmiSsHgpjVXhlnZ84P2QMw==",
      "dev": true
    },
    "micromodal": {
      "version": "0.4.6",
      "resolved": "https://registry.npmjs.org/micromodal/-/micromodal-0.4.6.tgz",
      "integrity": "sha512-2VDso2a22jWPpqwuWT/4RomVpoU3Bl9qF9D01xzwlNp5UVsImeA0gY4nSpF44vqcQtQOtkiMUV9EZkAJSRxBsg==",
      "dev": true
    },
    "nanoscroller": {
      "version": "0.8.7",
      "resolved": "https://registry.npmjs.org/nanoscroller/-/nanoscroller-0.8.7.tgz",
      "integrity": "sha1-gpXQ6ZO71UxEMGsOuzAKhD9zv5I=",
      "dev": true,
      "requires": {
        "css": "*",
        "jquery": ">=1.6"
      }
    },
    "owl.carousel2": {
      "version": "2.2.1",
      "resolved": "https://registry.npmjs.org/owl.carousel2/-/owl.carousel2-2.2.1.tgz",
      "integrity": "sha1-CdxbSue5t6PZE/5P6kxtbMeVfyI=",
      "dev": true,
      "requires": {
        "jquery": ">=1.8.3"
      }
    },
    "plyr": {
      "version": "3.6.3",
      "resolved": "https://registry.npmjs.org/plyr/-/plyr-3.6.3.tgz",
      "integrity": "sha512-AEwp5G9BtOK0s2mZhwtfipkCqLm1yPN8iUGcmAtyByDK1fcYoOJiDXZeLf+e7OTjsWi4wRp8Q1VJ+gZjTmVeqA==",
      "dev": true,
      "requires": {
        "core-js": "^3.7.0",
        "custom-event-polyfill": "^1.0.7",
        "loadjs": "^4.2.0",
        "rangetouch": "^2.0.1",
        "url-polyfill": "^1.1.12"
      }
    },
    "rangetouch": {
      "version": "2.0.1",
      "resolved": "https://registry.npmjs.org/rangetouch/-/rangetouch-2.0.1.tgz",
      "integrity": "sha512-sln+pNSc8NGaHoLzwNBssFSf/rSYkqeBXzX1AtJlkJiUaVSJSbRAWJk+4omsXkN+EJalzkZhWQ3th1m0FpR5xA==",
      "dev": true
    },
    "show-more": {
      "version": "1.0.1",
      "resolved": "https://registry.npmjs.org/show-more/-/show-more-1.0.1.tgz",
      "integrity": "sha1-4YBMUY3X3sgugQZt+bsTJuGLQ+Q=",
      "dev": true
    },
    "source-map": {
      "version": "0.6.1",
      "resolved": "https://registry.npmjs.org/source-map/-/source-map-0.6.1.tgz",
      "integrity": "sha512-UjgapumWlbMhkBgzT7Ykc5YXUT46F0iKu8SGXq0bcwP5dz/h0Plj6enJqjz1Zbq2l5WaqYnrVbwWOWMyF3F47g==",
      "dev": true
    },
    "source-map-resolve": {
      "version": "0.6.0",
      "resolved": "https://registry.npmjs.org/source-map-resolve/-/source-map-resolve-0.6.0.tgz",
      "integrity": "sha512-KXBr9d/fO/bWo97NXsPIAW1bFSBOuCnjbNTBMO7N59hsv5i9yzRDfcYwwt0l04+VqnKC+EwzvJZIP/qkuMgR/w==",
      "dev": true,
      "requires": {
        "atob": "^2.1.2",
        "decode-uri-component": "^0.2.0"
      }
    },
    "unidragger": {
      "version": "2.3.1",
      "resolved": "https://registry.npmjs.org/unidragger/-/unidragger-2.3.1.tgz",
      "integrity": "sha512-u+IgG7AG0MXJTKcdzAIYxCm+W5FcnA9M28203Awl6jIcE3/+9OtEyUX4Wv64y7XNKEVRKPot52IV4V6x7FlF5Q==",
      "dev": true,
      "requires": {
        "unipointer": "^2.3.0"
      }
    },
    "unipointer": {
      "version": "2.3.0",
      "resolved": "https://registry.npmjs.org/unipointer/-/unipointer-2.3.0.tgz",
      "integrity": "sha512-m85sAoELCZhogI1owtJV3Dva7GxkHk2lI7A0otw3o0OwCuC/Q9gi7ehddigEYIAYbhkqNdri+dU1QQkrcBvirQ==",
      "dev": true,
      "requires": {
        "ev-emitter": "^1.0.1"
      }
    },
    "url-polyfill": {
      "version": "1.1.12",
      "resolved": "https://registry.npmjs.org/url-polyfill/-/url-polyfill-1.1.12.tgz",
      "integrity": "sha512-mYFmBHCapZjtcNHW0MDq9967t+z4Dmg5CJ0KqysK3+ZbyoNOWQHksGCTWwDhxGXllkWlOc10Xfko6v4a3ucM6A==",
      "dev": true
    }
  }
}
